
Microsoft Visual Studio Solution File, Format Version 12.00
# Visual Studio 15
VisualStudioVersion = 15.0.28010.2016
MinimumVisualStudioVersion = 10.0.40219.1
Project("{9A19103F-16F7-4668-BE54-9A1E7A4F7556}") = "FEDAS", "FEDAS\FEDAS.csproj", "{DF6B32BF-3291-4CCD-8D50-11417FA56FFE}"
EndProject
Project("{FAE04EC0-301F-11D3-BF4B-00C04F79EFBC}") = "Model", "Model\Model.csproj", "{A0A74CC8-4C00-4E61-8F8D-1715D5658410}"
EndProject
Global
	GlobalSection(SolutionConfigurationPlatforms) = preSolution
		Debug|Any CPU = Debug|Any CPU
		Release|Any CPU = Release|Any CPU
	EndGlobalSection
	GlobalSection(ProjectConfigurationPlatforms) = postSolution
		{DF6B32BF-3291-4CCD-8D50-11417FA56FFE}.Debug|Any CPU.ActiveCfg = Debug|Any CPU
		{DF6B32BF-3291-4CCD-8D50-11417FA56FFE}.Debug|Any CPU.Build.0 = Debug|Any CPU
		{DF6B32BF-3291-4CCD-8D50-11417FA56FFE}.Release|Any CPU.ActiveCfg = Release|Any CPU
		{DF6B32BF-3291-4CCD-8D50-11417FA56FFE}.Release|Any CPU.Build.0 = Release|Any CPU
		{A0A74CC8-4C00-4E61-8F8D-1715D5658410}.Debug|Any CPU.ActiveCfg = Debug|Any CPU
		{A0A74CC8-4C00-4E61-8F8D-1715D5658410}.Debug|Any CPU.Build.0 = Debug|Any CPU
		{A0A74CC8-4C00-4E61-8F8D-1715D5658410}.Release|Any CPU.ActiveCfg = Release|Any CPU
		{A0A74CC8-4C00-4E61-8F8D-1715D5658410}.Release|Any CPU.Build.0 = Release|Any CPU
	EndGlobalSection
	GlobalSection(SolutionProperties) = preSolution
		HideSolutionNode = FALSE
	EndGlobalSection
	GlobalSection(ExtensibilityGlobals) = postSolution
		SolutionGuid = {8144FE06-BFB8-41F2-AB94-EB389B1C71AE}
	EndGlobalSection
EndGlobal
